
Microsoft Visual Studio Solution File, Format Version 12.00
# Visual Studio Version 17
VisualStudioVersion = 17.0.31903.59
MinimumVisualStudioVersion = 10.0.40219.1
Project("{FAE04EC0-301F-11D3-BF4B-00C04F79EFBC}") = "API", "API\API.csproj", "{EAA32F0F-9CB5-4CA5-86E3-936337394805}"
EndProject
Project("{FAE04EC0-301F-11D3-BF4B-00C04F79EFBC}") = "Core", "Core\Core.csproj", "{438B98A5-7EA0-4890-A1AB-B2F6F605FF62}"
EndProject
Project("{FAE04EC0-301F-11D3-BF4B-00C04F79EFBC}") = "Infrastructure", "Infrastructure\Infrastructure.csproj", "{062DAF2E-A768-4975-B5ED-0FC959FB4712}"
EndProject
Global
	GlobalSection(SolutionConfigurationPlatforms) = preSolution
		Debug|Any CPU = Debug|Any CPU
		Release|Any CPU = Release|Any CPU
	EndGlobalSection
	GlobalSection(SolutionProperties) = preSolution
		HideSolutionNode = FALSE
	EndGlobalSection
	GlobalSection(ProjectConfigurationPlatforms) = postSolution
		{EAA32F0F-9CB5-4CA5-86E3-936337394805}.Debug|Any CPU.ActiveCfg = Debug|Any CPU
		{EAA32F0F-9CB5-4CA5-86E3-936337394805}.Debug|Any CPU.Build.0 = Debug|Any CPU
		{EAA32F0F-9CB5-4CA5-86E3-936337394805}.Release|Any CPU.ActiveCfg = Release|Any CPU
		{EAA32F0F-9CB5-4CA5-86E3-936337394805}.Release|Any CPU.Build.0 = Release|Any CPU
		{438B98A5-7EA0-4890-A1AB-B2F6F605FF62}.Debug|Any CPU.ActiveCfg = Debug|Any CPU
		{438B98A5-7EA0-4890-A1AB-B2F6F605FF62}.Debug|Any CPU.Build.0 = Debug|Any CPU
		{438B98A5-7EA0-4890-A1AB-B2F6F605FF62}.Release|Any CPU.ActiveCfg = Release|Any CPU
		{438B98A5-7EA0-4890-A1AB-B2F6F605FF62}.Release|Any CPU.Build.0 = Release|Any CPU
		{062DAF2E-A768-4975-B5ED-0FC959FB4712}.Debug|Any CPU.ActiveCfg = Debug|Any CPU
		{062DAF2E-A768-4975-B5ED-0FC959FB4712}.Debug|Any CPU.Build.0 = Debug|Any CPU
		{062DAF2E-A768-4975-B5ED-0FC959FB4712}.Release|Any CPU.ActiveCfg = Release|Any CPU
		{062DAF2E-A768-4975-B5ED-0FC959FB4712}.Release|Any CPU.Build.0 = Release|Any CPU
	EndGlobalSection
EndGlobal
